
Microsoft Visual Studio Solution File, Format Version 12.00
# Visual Studio Version 16
VisualStudioVersion = 16.0.29709.97
MinimumVisualStudioVersion = 10.0.40219.1
Project("{2150E333-8FDC-42A3-9474-1A3956D46DE8}") = "Solution Items", "Solution Items", "{9E5603DE-E6BA-4441-8CFF-59246AC6E836}"
	ProjectSection(SolutionItems) = preProject
		CADKit.lsp = CADKit.lsp
		CADKit.scr = CADKit.scr
	EndProjectSection
EndProject
Project("{FAE04EC0-301F-11D3-BF4B-00C04F79EFBC}") = "CADKit", "CADKit\CADKit.csproj", "{87E74953-1A86-4CC5-B5AE-6901611C7033}"
EndProject
Project("{FAE04EC0-301F-11D3-BF4B-00C04F79EFBC}") = "CADKitBasic", "CADKitBasic\CADKitBasic.csproj", "{6A8627B4-C81A-4166-8E95-76A85661A03B}"
EndProject
Project("{FAE04EC0-301F-11D3-BF4B-00C04F79EFBC}") = "CADKitElevationMarks", "CADKitElevationMarks\CADKitElevationMarks.csproj", "{E1AAD522-CB31-48AD-82B5-970CCA353EAF}"
EndProject
Project("{FAE04EC0-301F-11D3-BF4B-00C04F79EFBC}") = "Tests", "Tests\Tests.csproj", "{8B3E7F98-D405-4676-B800-BF13594294B3}"
EndProject
Global
	GlobalSection(SolutionConfigurationPlatforms) = preSolution
		Debug|Any CPU = Debug|Any CPU
		Release|Any CPU = Release|Any CPU
	EndGlobalSection
	GlobalSection(ProjectConfigurationPlatforms) = postSolution
		{87E74953-1A86-4CC5-B5AE-6901611C7033}.Debug|Any CPU.ActiveCfg = Debug|Any CPU
		{87E74953-1A86-4CC5-B5AE-6901611C7033}.Debug|Any CPU.Build.0 = Debug|Any CPU
		{87E74953-1A86-4CC5-B5AE-6901611C7033}.Release|Any CPU.ActiveCfg = Release|Any CPU
		{87E74953-1A86-4CC5-B5AE-6901611C7033}.Release|Any CPU.Build.0 = Release|Any CPU
		{6A8627B4-C81A-4166-8E95-76A85661A03B}.Debug|Any CPU.ActiveCfg = Debug|Any CPU
		{6A8627B4-C81A-4166-8E95-76A85661A03B}.Debug|Any CPU.Build.0 = Debug|Any CPU
		{6A8627B4-C81A-4166-8E95-76A85661A03B}.Release|Any CPU.ActiveCfg = Release|Any CPU
		{6A8627B4-C81A-4166-8E95-76A85661A03B}.Release|Any CPU.Build.0 = Release|Any CPU
		{E1AAD522-CB31-48AD-82B5-970CCA353EAF}.Debug|Any CPU.ActiveCfg = Debug|Any CPU
		{E1AAD522-CB31-48AD-82B5-970CCA353EAF}.Debug|Any CPU.Build.0 = Debug|Any CPU
		{E1AAD522-CB31-48AD-82B5-970CCA353EAF}.Release|Any CPU.ActiveCfg = Release|Any CPU
		{E1AAD522-CB31-48AD-82B5-970CCA353EAF}.Release|Any CPU.Build.0 = Release|Any CPU
		{8B3E7F98-D405-4676-B800-BF13594294B3}.Debug|Any CPU.ActiveCfg = Debug|Any CPU
		{8B3E7F98-D405-4676-B800-BF13594294B3}.Debug|Any CPU.Build.0 = Debug|Any CPU
		{8B3E7F98-D405-4676-B800-BF13594294B3}.Release|Any CPU.ActiveCfg = Release|Any CPU
		{8B3E7F98-D405-4676-B800-BF13594294B3}.Release|Any CPU.Build.0 = Release|Any CPU
	EndGlobalSection
	GlobalSection(SolutionProperties) = preSolution
		HideSolutionNode = FALSE
	EndGlobalSection
	GlobalSection(ExtensibilityGlobals) = postSolution
		SolutionGuid = {96363071-2196-400C-83DE-B70880058862}
	EndGlobalSection
EndGlobal
